// !$*UTF8*$!
{
	archiveVersion = 1;
	classes = {
	};
	objectVersion = 52;
	objects = {

/* Begin PBXBuildFile section */
		CEF9108A24C264A000A1F0CE /* AppDelegate.swift in Sources */ = {isa = PBXBuildFile; fileRef = CEF9108924C264A000A1F0CE /* AppDelegate.swift */; };
		CEF9108C24C264A000A1F0CE /* SceneDelegate.swift in Sources */ = {isa = PBXBuildFile; fileRef = CEF9108B24C264A000A1F0CE /* SceneDelegate.swift */; };
		CEF9108E24C264A000A1F0CE /* MainView.swift in Sources */ = {isa = PBXBuildFile; fileRef = CEF9108D24C264A000A1F0CE /* MainView.swift */; };
		CEF9109024C264A400A1F0CE /* Assets.xcassets in Resources */ = {isa = PBXBuildFile; fileRef = CEF9108F24C264A400A1F0CE /* Assets.xcassets */; };
		CEF9109324C264A400A1F0CE /* Preview Assets.xcassets in Resources */ = {isa = PBXBuildFile; fileRef = CEF9109224C264A400A1F0CE /* Preview Assets.xcassets */; };
		CEF9109624C264A400A1F0CE /* LaunchScreen.storyboard in Resources */ = {isa = PBXBuildFile; fileRef = CEF9109424C264A400A1F0CE /* LaunchScreen.storyboard */; };
		CEF910A124C264A500A1F0CE /* eWalleTests.swift in Sources */ = {isa = PBXBuildFile; fileRef = CEF910A024C264A500A1F0CE /* eWalleTests.swift */; };
		CEF910AC24C264A500A1F0CE /* eWalleUITests.swift in Sources */ = {isa = PBXBuildFile; fileRef = CEF910AB24C264A500A1F0CE /* eWalleUITests.swift */; };
		CEF910BE24C26E0F00A1F0CE /* AvenirNextLTPro-Bold.otf in Resources */ = {isa = PBXBuildFile; fileRef = CEF910BB24C26E0F00A1F0CE /* AvenirNextLTPro-Bold.otf */; };
		CEF910BF24C26E0F00A1F0CE /* AvenirNextLTPro-It.otf in Resources */ = {isa = PBXBuildFile; fileRef = CEF910BC24C26E0F00A1F0CE /* AvenirNextLTPro-It.otf */; };
		CEF910C024C26E0F00A1F0CE /* AvenirNextLTPro-Regular.otf in Resources */ = {isa = PBXBuildFile; fileRef = CEF910BD24C26E0F00A1F0CE /* AvenirNextLTPro-Regular.otf */; };
		CEF910C224C26F5100A1F0CE /* LoginView.swift in Sources */ = {isa = PBXBuildFile; fileRef = CEF910C124C26F5100A1F0CE /* LoginView.swift */; };
		CEF910C524C2703D00A1F0CE /* FontModifiers.swift in Sources */ = {isa = PBXBuildFile; fileRef = CEF910C424C2703D00A1F0CE /* FontModifiers.swift */; };
		CEF910C724C273BF00A1F0CE /* AvenirNextLTPro-BoldCn.otf in Resources */ = {isa = PBXBuildFile; fileRef = CEF910C624C273BF00A1F0CE /* AvenirNextLTPro-BoldCn.otf */; };
		CEF910C924C273CE00A1F0CE /* AvenirNextLTPro-Demi.otf in Resources */ = {isa = PBXBuildFile; fileRef = CEF910C824C273CE00A1F0CE /* AvenirNextLTPro-Demi.otf */; };
		CEF910CB24C273DF00A1F0CE /* AvenirNextLTPro-DemiCn.otf in Resources */ = {isa = PBXBuildFile; fileRef = CEF910CA24C273DF00A1F0CE /* AvenirNextLTPro-DemiCn.otf */; };
		CEF910D424C2E94400A1F0CE /* Ubuntu-LightItalic.ttf in Resources */ = {isa = PBXBuildFile; fileRef = CEF910CC24C2E94300A1F0CE /* Ubuntu-LightItalic.ttf */; };
		CEF910D524C2E94400A1F0CE /* Ubuntu-Bold.ttf in Resources */ = {isa = PBXBuildFile; fileRef = CEF910CD24C2E94300A1F0CE /* Ubuntu-Bold.ttf */; };
		CEF910D624C2E94400A1F0CE /* Ubuntu-MediumItalic.ttf in Resources */ = {isa = PBXBuildFile; fileRef = CEF910CE24C2E94300A1F0CE /* Ubuntu-MediumItalic.ttf */; };
		CEF910D724C2E94400A1F0CE /* Ubuntu-Light.ttf in Resources */ = {isa = PBXBuildFile; fileRef = CEF910CF24C2E94300A1F0CE /* Ubuntu-Light.ttf */; };
		CEF910D824C2E94400A1F0CE /* Ubuntu-Regular.ttf in Resources */ = {isa = PBXBuildFile; fileRef = CEF910D024C2E94400A1F0CE /* Ubuntu-Regular.ttf */; };
		CEF910D924C2E94400A1F0CE /* Ubuntu-Medium.ttf in Resources */ = {isa = PBXBuildFile; fileRef = CEF910D124C2E94400A1F0CE /* Ubuntu-Medium.ttf */; };
		CEF910DA24C2E94400A1F0CE /* Ubuntu-BoldItalic.ttf in Resources */ = {isa = PBXBuildFile; fileRef = CEF910D224C2E94400A1F0CE /* Ubuntu-BoldItalic.ttf */; };
		CEF910DB24C2E94400A1F0CE /* Ubuntu-Italic.ttf in Resources */ = {isa = PBXBuildFile; fileRef = CEF910D324C2E94400A1F0CE /* Ubuntu-Italic.ttf */; };
		CEF910DD24C2FE9B00A1F0CE /* MenuView.swift in Sources */ = {isa = PBXBuildFile; fileRef = CEF910DC24C2FE9B00A1F0CE /* MenuView.swift */; };
		CEF910DF24C3B63A00A1F0CE /* HomeView.swift in Sources */ = {isa = PBXBuildFile; fileRef = CEF910DE24C3B63A00A1F0CE /* HomeView.swift */; };
		CEF910E224C43CE200A1F0CE /* Grid in Frameworks */ = {isa = PBXBuildFile; productRef = CEF910E124C43CE200A1F0CE /* Grid */; };
/* End PBXBuildFile section */

/* Begin PBXContainerItemProxy section */
		CEF9109D24C264A500A1F0CE /* PBXContainerItemProxy */ = {
			isa = PBXContainerItemProxy;
			containerPortal = CEF9107E24C264A000A1F0CE /* Project object */;
			proxyType = 1;
			remoteGlobalIDString = CEF9108524C264A000A1F0CE;
			remoteInfo = eWalle;
		};
		CEF910A824C264A500A1F0CE /* PBXContainerItemProxy */ = {
			isa = PBXContainerItemProxy;
			containerPortal = CEF9107E24C264A000A1F0CE /* Project object */;
			proxyType = 1;
			remoteGlobalIDString = CEF9108524C264A000A1F0CE;
			remoteInfo = eWalle;
		};
/* End PBXContainerItemProxy section */

/* Begin PBXFileReference section */
		CEF9108624C264A000A1F0CE /* eWalle.app */ = {isa = PBXFileReference; explicitFileType = wrapper.application; includeInIndex = 0; path = eWalle.app; sourceTree = BUILT_PRODUCTS_DIR; };
		CEF9108924C264A000A1F0CE /* AppDelegate.swift */ = {isa = PBXFileReference; lastKnownFileType = sourcecode.swift; path = AppDelegate.swift; sourceTree = "<group>"; };
		CEF9108B24C264A000A1F0CE /* SceneDelegate.swift */ = {isa = PBXFileReference; lastKnownFileType = sourcecode.swift; path = SceneDelegate.swift; sourceTree = "<group>"; };
		CEF9108D24C264A000A1F0CE /* MainView.swift */ = {isa = PBXFileReference; lastKnownFileType = sourcecode.swift; path = MainView.swift; sourceTree = "<group>"; };
		CEF9108F24C264A400A1F0CE /* Assets.xcassets */ = {isa = PBXFileReference; lastKnownFileType = folder.assetcatalog; path = Assets.xcassets; sourceTree = "<group>"; };
		CEF9109224C264A400A1F0CE /* Preview Assets.xcassets */ = {isa = PBXFileReference; lastKnownFileType = folder.assetcatalog; path = "Preview Assets.xcassets"; sourceTree = "<group>"; };
		CEF9109524C264A400A1F0CE /* Base */ = {isa = PBXFileReference; lastKnownFileType = file.storyboard; name = Base; path = Base.lproj/LaunchScreen.storyboard; sourceTree = "<group>"; };
		CEF9109724C264A400A1F0CE /* Info.plist */ = {isa = PBXFileReference; lastKnownFileType = text.plist.xml; path = Info.plist; sourceTree = "<group>"; };
		CEF9109C24C264A500A1F0CE /* eWalleTests.xctest */ = {isa = PBXFileReference; explicitFileType = wrapper.cfbundle; includeInIndex = 0; path = eWalleTests.xctest; sourceTree = BUILT_PRODUCTS_DIR; };
		CEF910A024C264A500A1F0CE /* eWalleTests.swift */ = {isa = PBXFileReference; lastKnownFileType = sourcecode.swift; path = eWalleTests.swift; sourceTree = "<group>"; };
		CEF910A224C264A500A1F0CE /* Info.plist */ = {isa = PBXFileReference; lastKnownFileType = text.plist.xml; path = Info.plist; sourceTree = "<group>"; };
		CEF910A724C264A500A1F0CE /* eWalleUITests.xctest */ = {isa = PBXFileReference; explicitFileType = wrapper.cfbundle; includeInIndex = 0; path = eWalleUITests.xctest; sourceTree = BUILT_PRODUCTS_DIR; };
		CEF910AB24C264A500A1F0CE /* eWalleUITests.swift */ = {isa = PBXFileReference; lastKnownFileType = sourcecode.swift; path = eWalleUITests.swift; sourceTree = "<group>"; };
		CEF910AD24C264A500A1F0CE /* Info.plist */ = {isa = PBXFileReference; lastKnownFileType = text.plist.xml; path = Info.plist; sourceTree = "<group>"; };
		CEF910BB24C26E0F00A1F0CE /* AvenirNextLTPro-Bold.otf */ = {isa = PBXFileReference; lastKnownFileType = file; path = "AvenirNextLTPro-Bold.otf"; sourceTree = "<group>"; };
		CEF910BC24C26E0F00A1F0CE /* AvenirNextLTPro-It.otf */ = {isa = PBXFileReference; lastKnownFileType = file; path = "AvenirNextLTPro-It.otf"; sourceTree = "<group>"; };
		CEF910BD24C26E0F00A1F0CE /* AvenirNextLTPro-Regular.otf */ = {isa = PBXFileReference; lastKnownFileType = file; path = "AvenirNextLTPro-Regular.otf"; sourceTree = "<group>"; };
		CEF910C124C26F5100A1F0CE /* LoginView.swift */ = {isa = PBXFileReference; lastKnownFileType = sourcecode.swift; path = LoginView.swift; sourceTree = "<group>"; };
		CEF910C424C2703D00A1F0CE /* FontModifiers.swift */ = {isa = PBXFileReference; lastKnownFileType = sourcecode.swift; path = FontModifiers.swift; sourceTree = "<group>"; };
		CEF910C624C273BF00A1F0CE /* AvenirNextLTPro-BoldCn.otf */ = {isa = PBXFileReference; lastKnownFileType = file; path = "AvenirNextLTPro-BoldCn.otf"; sourceTree = "<group>"; };
		CEF910C824C273CE00A1F0CE /* AvenirNextLTPro-Demi.otf */ = {isa = PBXFileReference; lastKnownFileType = file; path = "AvenirNextLTPro-Demi.otf"; sourceTree = "<group>"; };
		CEF910CA24C273DF00A1F0CE /* AvenirNextLTPro-DemiCn.otf */ = {isa = PBXFileReference; lastKnownFileType = file; path = "AvenirNextLTPro-DemiCn.otf"; sourceTree = "<group>"; };
		CEF910CC24C2E94300A1F0CE /* Ubuntu-LightItalic.ttf */ = {isa = PBXFileReference; lastKnownFileType = file; path = "Ubuntu-LightItalic.ttf"; sourceTree = "<group>"; };
		CEF910CD24C2E94300A1F0CE /* Ubuntu-Bold.ttf */ = {isa = PBXFileReference; lastKnownFileType = file; path = "Ubuntu-Bold.ttf"; sourceTree = "<group>"; };
		CEF910CE24C2E94300A1F0CE /* Ubuntu-MediumItalic.ttf */ = {isa = PBXFileReference; lastKnownFileType = file; path = "Ubuntu-MediumItalic.ttf"; sourceTree = "<group>"; };
		CEF910CF24C2E94300A1F0CE /* Ubuntu-Light.ttf */ = {isa = PBXFileReference; lastKnownFileType = file; path = "Ubuntu-Light.ttf"; sourceTree = "<group>"; };
		CEF910D024C2E94400A1F0CE /* Ubuntu-Regular.ttf */ = {isa = PBXFileReference; lastKnownFileType = file; path = "Ubuntu-Regular.ttf"; sourceTree = "<group>"; };
		CEF910D124C2E94400A1F0CE /* Ubuntu-Medium.ttf */ = {isa = PBXFileReference; lastKnownFileType = file; path = "Ubuntu-Medium.ttf"; sourceTree = "<group>"; };
		CEF910D224C2E94400A1F0CE /* Ubuntu-BoldItalic.ttf */ = {isa = PBXFileReference; lastKnownFileType = file; path = "Ubuntu-BoldItalic.ttf"; sourceTree = "<group>"; };
		CEF910D324C2E94400A1F0CE /* Ubuntu-Italic.ttf */ = {isa = PBXFileReference; lastKnownFileType = file; path = "Ubuntu-Italic.ttf"; sourceTree = "<group>"; };
		CEF910DC24C2FE9B00A1F0CE /* MenuView.swift */ = {isa = PBXFileReference; lastKnownFileType = sourcecode.swift; path = MenuView.swift; sourceTree = "<group>"; };
		CEF910DE24C3B63A00A1F0CE /* HomeView.swift */ = {isa = PBXFileReference; lastKnownFileType = sourcecode.swift; path = HomeView.swift; sourceTree = "<group>"; };
/* End PBXFileReference section */

/* Begin PBXFrameworksBuildPhase section */
		CEF9108324C264A000A1F0CE /* Frameworks */ = {
			isa = PBXFrameworksBuildPhase;
			buildActionMask = 2147483647;
			files = (
				CEF910E224C43CE200A1F0CE /* Grid in Frameworks */,
			);
			runOnlyForDeploymentPostprocessing = 0;
		};
		CEF9109924C264A500A1F0CE /* Frameworks */ = {
			isa = PBXFrameworksBuildPhase;
			buildActionMask = 2147483647;
			files = (
			);
			runOnlyForDeploymentPostprocessing = 0;
		};
		CEF910A424C264A500A1F0CE /* Frameworks */ = {
			isa = PBXFrameworksBuildPhase;
			buildActionMask = 2147483647;
			files = (
			);
			runOnlyForDeploymentPostprocessing = 0;
		};
/* End PBXFrameworksBuildPhase section */

/* Begin PBXGroup section */
		CEF9107D24C264A000A1F0CE = {
			isa = PBXGroup;
			children = (
				CEF9108824C264A000A1F0CE /* eWalle */,
				CEF9109F24C264A500A1F0CE /* eWalleTests */,
				CEF910AA24C264A500A1F0CE /* eWalleUITests */,
				CEF9108724C264A000A1F0CE /* Products */,
			);
			sourceTree = "<group>";
		};
		CEF9108724C264A000A1F0CE /* Products */ = {
			isa = PBXGroup;
			children = (
				CEF9108624C264A000A1F0CE /* eWalle.app */,
				CEF9109C24C264A500A1F0CE /* eWalleTests.xctest */,
				CEF910A724C264A500A1F0CE /* eWalleUITests.xctest */,
			);
			name = Products;
			sourceTree = "<group>";
		};
		CEF9108824C264A000A1F0CE /* eWalle */ = {
			isa = PBXGroup;
			children = (
				CEF910C324C2702000A1F0CE /* Modifiers */,
				CEF910B924C26C5600A1F0CE /* Screens */,
				CEF9108924C264A000A1F0CE /* AppDelegate.swift */,
				CEF9108B24C264A000A1F0CE /* SceneDelegate.swift */,
				CEF9108D24C264A000A1F0CE /* MainView.swift */,
				CEF9108F24C264A400A1F0CE /* Assets.xcassets */,
				CEF910BA24C26E0F00A1F0CE /* Font */,
				CEF9109424C264A400A1F0CE /* LaunchScreen.storyboard */,
				CEF9109724C264A400A1F0CE /* Info.plist */,
				CEF9109124C264A400A1F0CE /* Preview Content */,
			);
			path = eWalle;
			sourceTree = "<group>";
		};
		CEF9109124C264A400A1F0CE /* Preview Content */ = {
			isa = PBXGroup;
			children = (
				CEF9109224C264A400A1F0CE /* Preview Assets.xcassets */,
			);
			path = "Preview Content";
			sourceTree = "<group>";
		};
		CEF9109F24C264A500A1F0CE /* eWalleTests */ = {
			isa = PBXGroup;
			children = (
				CEF910A024C264A500A1F0CE /* eWalleTests.swift */,
				CEF910A224C264A500A1F0CE /* Info.plist */,
			);
			path = eWalleTests;
			sourceTree = "<group>";
		};
		CEF910AA24C264A500A1F0CE /* eWalleUITests */ = {
			isa = PBXGroup;
			children = (
				CEF910AB24C264A500A1F0CE /* eWalleUITests.swift */,
				CEF910AD24C264A500A1F0CE /* Info.plist */,
			);
			path = eWalleUITests;
			sourceTree = "<group>";
		};
		CEF910B924C26C5600A1F0CE /* Screens */ = {
			isa = PBXGroup;
			children = (
				CEF910C124C26F5100A1F0CE /* LoginView.swift */,
				CEF910DC24C2FE9B00A1F0CE /* MenuView.swift */,
				CEF910DE24C3B63A00A1F0CE /* HomeView.swift */,
			);
			path = Screens;
			sourceTree = "<group>";
		};
		CEF910BA24C26E0F00A1F0CE /* Font */ = {
			isa = PBXGroup;
			children = (
				CEF910CD24C2E94300A1F0CE /* Ubuntu-Bold.ttf */,
				CEF910D224C2E94400A1F0CE /* Ubuntu-BoldItalic.ttf */,
				CEF910D324C2E94400A1F0CE /* Ubuntu-Italic.ttf */,
				CEF910CF24C2E94300A1F0CE /* Ubuntu-Light.ttf */,
				CEF910CC24C2E94300A1F0CE /* Ubuntu-LightItalic.ttf */,
				CEF910D124C2E94400A1F0CE /* Ubuntu-Medium.ttf */,
				CEF910CE24C2E94300A1F0CE /* Ubuntu-MediumItalic.ttf */,
				CEF910D024C2E94400A1F0CE /* Ubuntu-Regular.ttf */,
				CEF910BB24C26E0F00A1F0CE /* AvenirNextLTPro-Bold.otf */,
				CEF910C624C273BF00A1F0CE /* AvenirNextLTPro-BoldCn.otf */,
				CEF910C824C273CE00A1F0CE /* AvenirNextLTPro-Demi.otf */,
				CEF910CA24C273DF00A1F0CE /* AvenirNextLTPro-DemiCn.otf */,
				CEF910BC24C26E0F00A1F0CE /* AvenirNextLTPro-It.otf */,
				CEF910BD24C26E0F00A1F0CE /* AvenirNextLTPro-Regular.otf */,
			);
			path = Font;
			sourceTree = "<group>";
		};
		CEF910C324C2702000A1F0CE /* Modifiers */ = {
			isa = PBXGroup;
			children = (
				CEF910C424C2703D00A1F0CE /* FontModifiers.swift */,
			);
			path = Modifiers;
			sourceTree = "<group>";
		};
/* End PBXGroup section */

/* Begin PBXNativeTarget section */
		CEF9108524C264A000A1F0CE /* eWalle */ = {
			isa = PBXNativeTarget;
			buildConfigurationList = CEF910B024C264A500A1F0CE /* Build configuration list for PBXNativeTarget "eWalle" */;
			buildPhases = (
				CEF9108224C264A000A1F0CE /* Sources */,
				CEF9108324C264A000A1F0CE /* Frameworks */,
				CEF9108424C264A000A1F0CE /* Resources */,
			);
			buildRules = (
			);
			dependencies = (
			);
			name = eWalle;
			packageProductDependencies = (
				CEF910E124C43CE200A1F0CE /* Grid */,
			);
			productName = eWalle;
			productReference = CEF9108624C264A000A1F0CE /* eWalle.app */;
			productType = "com.apple.product-type.application";
		};
		CEF9109B24C264A500A1F0CE /* eWalleTests */ = {
			isa = PBXNativeTarget;
			buildConfigurationList = CEF910B324C264A500A1F0CE /* Build configuration list for PBXNativeTarget "eWalleTests" */;
			buildPhases = (
				CEF9109824C264A500A1F0CE /* Sources */,
				CEF9109924C264A500A1F0CE /* Frameworks */,
				CEF9109A24C264A500A1F0CE /* Resources */,
			);
			buildRules = (
			);
			dependencies = (
				CEF9109E24C264A500A1F0CE /* PBXTargetDependency */,
			);
			name = eWalleTests;
			productName = eWalleTests;
			productReference = CEF9109C24C264A500A1F0CE /* eWalleTests.xctest */;
			productType = "com.apple.product-type.bundle.unit-test";
		};
		CEF910A624C264A500A1F0CE /* eWalleUITests */ = {
			isa = PBXNativeTarget;
			buildConfigurationList = CEF910B624C264A500A1F0CE /* Build configuration list for PBXNativeTarget "eWalleUITests" */;
			buildPhases = (
				CEF910A324C264A500A1F0CE /* Sources */,
				CEF910A424C264A500A1F0CE /* Frameworks */,
				CEF910A524C264A500A1F0CE /* Resources */,
			);
			buildRules = (
			);
			dependencies = (
				CEF910A924C264A500A1F0CE /* PBXTargetDependency */,
			);
			name = eWalleUITests;
			productName = eWalleUITests;
			productReference = CEF910A724C264A500A1F0CE /* eWalleUITests.xctest */;
			productType = "com.apple.product-type.bundle.ui-testing";
		};
/* End PBXNativeTarget section */

/* Begin PBXProject section */
		CEF9107E24C264A000A1F0CE /* Project object */ = {
			isa = PBXProject;
			attributes = {
				LastSwiftUpdateCheck = 1130;
				LastUpgradeCheck = 1130;
				ORGANIZATIONNAME = Ugarsoft;
				TargetAttributes = {
					CEF9108524C264A000A1F0CE = {
						CreatedOnToolsVersion = 11.3.1;
					};
					CEF9109B24C264A500A1F0CE = {
						CreatedOnToolsVersion = 11.3.1;
						TestTargetID = CEF9108524C264A000A1F0CE;
					};
					CEF910A624C264A500A1F0CE = {
						CreatedOnToolsVersion = 11.3.1;
						TestTargetID = CEF9108524C264A000A1F0CE;
					};
				};
			};
			buildConfigurationList = CEF9108124C264A000A1F0CE /* Build configuration list for PBXProject "eWalle" */;
			compatibilityVersion = "Xcode 9.3";
			developmentRegion = en;
			hasScannedForEncodings = 0;
			knownRegions = (
				en,
				Base,
			);
			mainGroup = CEF9107D24C264A000A1F0CE;
			packageReferences = (
				CEF910E024C43CE200A1F0CE /* XCRemoteSwiftPackageReference "swiftui-grid" */,
			);
			productRefGroup = CEF9108724C264A000A1F0CE /* Products */;
			projectDirPath = "";
			projectRoot = "";
			targets = (
				CEF9108524C264A000A1F0CE /* eWalle */,
				CEF9109B24C264A500A1F0CE /* eWalleTests */,
				CEF910A624C264A500A1F0CE /* eWalleUITests */,
			);
		};
/* End PBXProject section */

/* Begin PBXResourcesBuildPhase section */
		CEF9108424C264A000A1F0CE /* Resources */ = {
			isa = PBXResourcesBuildPhase;
			buildActionMask = 2147483647;
			files = (
				CEF910D424C2E94400A1F0CE /* Ubuntu-LightItalic.ttf in Resources */,
				CEF910C924C273CE00A1F0CE /* AvenirNextLTPro-Demi.otf in Resources */,
				CEF910D624C2E94400A1F0CE /* Ubuntu-MediumItalic.ttf in Resources */,
				CEF9109624C264A400A1F0CE /* LaunchScreen.storyboard in Resources */,
				CEF9109324C264A400A1F0CE /* Preview Assets.xcassets in Resources */,
				CEF910BE24C26E0F00A1F0CE /* AvenirNextLTPro-Bold.otf in Resources */,
				CEF910C724C273BF00A1F0CE /* AvenirNextLTPro-BoldCn.otf in Resources */,
				CEF910D524C2E94400A1F0CE /* Ubuntu-Bold.ttf in Resources */,
				CEF910DA24C2E94400A1F0CE /* Ubuntu-BoldItalic.ttf in Resources */,
				CEF910D724C2E94400A1F0CE /* Ubuntu-Light.ttf in Resources */,
				CEF910CB24C273DF00A1F0CE /* AvenirNextLTPro-DemiCn.otf in Resources */,
				CEF9109024C264A400A1F0CE /* Assets.xcassets in Resources */,
				CEF910D924C2E94400A1F0CE /* Ubuntu-Medium.ttf in Resources */,
				CEF910DB24C2E94400A1F0CE /* Ubuntu-Italic.ttf in Resources */,
				CEF910C024C26E0F00A1F0CE /* AvenirNextLTPro-Regular.otf in Resources */,
				CEF910D824C2E94400A1F0CE /* Ubuntu-Regular.ttf in Resources */,
				CEF910BF24C26E0F00A1F0CE /* AvenirNextLTPro-It.otf in Resources */,
			);
			runOnlyForDeploymentPostprocessing = 0;
		};
		CEF9109A24C264A500A1F0CE /* Resources */ = {
			isa = PBXResourcesBuildPhase;
			buildActionMask = 2147483647;
			files = (
			);
			runOnlyForDeploymentPostprocessing = 0;
		};
		CEF910A524C264A500A1F0CE /* Resources */ = {
			isa = PBXResourcesBuildPhase;
			buildActionMask = 2147483647;
			files = (
			);
			runOnlyForDeploymentPostprocessing = 0;
		};
/* End PBXResourcesBuildPhase section */

/* Begin PBXSourcesBuildPhase section */
		CEF9108224C264A000A1F0CE /* Sources */ = {
			isa = PBXSourcesBuildPhase;
			buildActionMask = 2147483647;
			files = (
				CEF9108A24C264A000A1F0CE /* AppDelegate.swift in Sources */,
				CEF910DF24C3B63A00A1F0CE /* HomeView.swift in Sources */,
				CEF910DD24C2FE9B00A1F0CE /* MenuView.swift in Sources */,
				CEF910C524C2703D00A1F0CE /* FontModifiers.swift in Sources */,
				CEF9108C24C264A000A1F0CE /* SceneDelegate.swift in Sources */,
				CEF910C224C26F5100A1F0CE /* LoginView.swift in Sources */,
				CEF9108E24C264A000A1F0CE /* MainView.swift in Sources */,
			);
			runOnlyForDeploymentPostprocessing = 0;
		};
		CEF9109824C264A500A1F0CE /* Sources */ = {
			isa = PBXSourcesBuildPhase;
			buildActionMask = 2147483647;
			files = (
				CEF910A124C264A500A1F0CE /* eWalleTests.swift in Sources */,
			);
			runOnlyForDeploymentPostprocessing = 0;
		};
		CEF910A324C264A500A1F0CE /* Sources */ = {
			isa = PBXSourcesBuildPhase;
			buildActionMask = 2147483647;
			files = (
				CEF910AC24C264A500A1F0CE /* eWalleUITests.swift in Sources */,
			);
			runOnlyForDeploymentPostprocessing = 0;
		};
/* End PBXSourcesBuildPhase section */

/* Begin PBXTargetDependency section */
		CEF9109E24C264A500A1F0CE /* PBXTargetDependency */ = {
			isa = PBXTargetDependency;
			target = CEF9108524C264A000A1F0CE /* eWalle */;
			targetProxy = CEF9109D24C264A500A1F0CE /* PBXContainerItemProxy */;
		};
		CEF910A924C264A500A1F0CE /* PBXTargetDependency */ = {
			isa = PBXTargetDependency;
			target = CEF9108524C264A000A1F0CE /* eWalle */;
			targetProxy = CEF910A824C264A500A1F0CE /* PBXContainerItemProxy */;
		};
/* End PBXTargetDependency section */

/* Begin PBXVariantGroup section */
		CEF9109424C264A400A1F0CE /* LaunchScreen.storyboard */ = {
			isa = PBXVariantGroup;
			children = (
				CEF9109524C264A400A1F0CE /* Base */,
			);
			name = LaunchScreen.storyboard;
			sourceTree = "<group>";
		};
/* End PBXVariantGroup section */

/* Begin XCBuildConfiguration section */
		CEF910AE24C264A500A1F0CE /* Debug */ = {
			isa = XCBuildConfiguration;
			buildSettings = {
				ALWAYS_SEARCH_USER_PATHS = NO;
				CLANG_ANALYZER_NONNULL = YES;
				CLANG_ANALYZER_NUMBER_OBJECT_CONVERSION = YES_AGGRESSIVE;
				CLANG_CXX_LANGUAGE_STANDARD = "gnu++14";
				CLANG_CXX_LIBRARY = "libc++";
				CLANG_ENABLE_MODULES = YES;
				CLANG_ENABLE_OBJC_ARC = YES;
				CLANG_ENABLE_OBJC_WEAK = YES;
				CLANG_WARN_BLOCK_CAPTURE_AUTORELEASING = YES;
				CLANG_WARN_BOOL_CONVERSION = YES;
				CLANG_WARN_COMMA = YES;
				CLANG_WARN_CONSTANT_CONVERSION = YES;
				CLANG_WARN_DEPRECATED_OBJC_IMPLEMENTATIONS = YES;
				CLANG_WARN_DIRECT_OBJC_ISA_USAGE = YES_ERROR;
				CLANG_WARN_DOCUMENTATION_COMMENTS = YES;
				CLANG_WARN_EMPTY_BODY = YES;
				CLANG_WARN_ENUM_CONVERSION = YES;
				CLANG_WARN_INFINITE_RECURSION = YES;
				CLANG_WARN_INT_CONVERSION = YES;
				CLANG_WARN_NON_LITERAL_NULL_CONVERSION = YES;
				CLANG_WARN_OBJC_IMPLICIT_RETAIN_SELF = YES;
				CLANG_WARN_OBJC_LITERAL_CONVERSION = YES;
				CLANG_WARN_OBJC_ROOT_CLASS = YES_ERROR;
				CLANG_WARN_RANGE_LOOP_ANALYSIS = YES;
				CLANG_WARN_STRICT_PROTOTYPES = YES;
				CLANG_WARN_SUSPICIOUS_MOVE = YES;
				CLANG_WARN_UNGUARDED_AVAILABILITY = YES_AGGRESSIVE;
				CLANG_WARN_UNREACHABLE_CODE = YES;
				CLANG_WARN__DUPLICATE_METHOD_MATCH = YES;
				COPY_PHASE_STRIP = NO;
				DEBUG_INFORMATION_FORMAT = dwarf;
				ENABLE_STRICT_OBJC_MSGSEND = YES;
				ENABLE_TESTABILITY = YES;
				GCC_C_LANGUAGE_STANDARD = gnu11;
				GCC_DYNAMIC_NO_PIC = NO;
				GCC_NO_COMMON_BLOCKS = YES;
				GCC_OPTIMIZATION_LEVEL = 0;
				GCC_PREPROCESSOR_DEFINITIONS = (
					"DEBUG=1",
					"$(inherited)",
				);
				GCC_WARN_64_TO_32_BIT_CONVERSION = YES;
				GCC_WARN_ABOUT_RETURN_TYPE = YES_ERROR;
				GCC_WARN_UNDECLARED_SELECTOR = YES;
				GCC_WARN_UNINITIALIZED_AUTOS = YES_AGGRESSIVE;
				GCC_WARN_UNUSED_FUNCTION = YES;
				GCC_WARN_UNUSED_VARIABLE = YES;
				IPHONEOS_DEPLOYMENT_TARGET = 13.2;
				MTL_ENABLE_DEBUG_INFO = INCLUDE_SOURCE;
				MTL_FAST_MATH = YES;
				ONLY_ACTIVE_ARCH = YES;
				SDKROOT = iphoneos;
				SWIFT_ACTIVE_COMPILATION_CONDITIONS = DEBUG;
				SWIFT_OPTIMIZATION_LEVEL = "-Onone";
			};
			name = Debug;
		};
		CEF910AF24C264A500A1F0CE /* Release */ = {
			isa = XCBuildConfiguration;
			buildSettings = {
				ALWAYS_SEARCH_USER_PATHS = NO;
				CLANG_ANALYZER_NONNULL = YES;
				CLANG_ANALYZER_NUMBER_OBJECT_CONVERSION = YES_AGGRESSIVE;
				CLANG_CXX_LANGUAGE_STANDARD = "gnu++14";
				CLANG_CXX_LIBRARY = "libc++";
				CLANG_ENABLE_MODULES = YES;
				CLANG_ENABLE_OBJC_ARC = YES;
				CLANG_ENABLE_OBJC_WEAK = YES;
				CLANG_WARN_BLOCK_CAPTURE_AUTORELEASING = YES;
				CLANG_WARN_BOOL_CONVERSION = YES;
				CLANG_WARN_COMMA = YES;
				CLANG_WARN_CONSTANT_CONVERSION = YES;
				CLANG_WARN_DEPRECATED_OBJC_IMPLEMENTATIONS = YES;
				CLANG_WARN_DIRECT_OBJC_ISA_USAGE = YES_ERROR;
				CLANG_WARN_DOCUMENTATION_COMMENTS = YES;
				CLANG_WARN_EMPTY_BODY = YES;
				CLANG_WARN_ENUM_CONVERSION = YES;
				CLANG_WARN_INFINITE_RECURSION = YES;
				CLANG_WARN_INT_CONVERSION = YES;
				CLANG_WARN_NON_LITERAL_NULL_CONVERSION = YES;
				CLANG_WARN_OBJC_IMPLICIT_RETAIN_SELF = YES;
				CLANG_WARN_OBJC_LITERAL_CONVERSION = YES;
				CLANG_WARN_OBJC_ROOT_CLASS = YES_ERROR;
				CLANG_WARN_RANGE_LOOP_ANALYSIS = YES;
				CLANG_WARN_STRICT_PROTOTYPES = YES;
				CLANG_WARN_SUSPICIOUS_MOVE = YES;
				CLANG_WARN_UNGUARDED_AVAILABILITY = YES_AGGRESSIVE;
				CLANG_WARN_UNREACHABLE_CODE = YES;
				CLANG_WARN__DUPLICATE_METHOD_MATCH = YES;
				COPY_PHASE_STRIP = NO;
				DEBUG_INFORMATION_FORMAT = "dwarf-with-dsym";
				ENABLE_NS_ASSERTIONS = NO;
				ENABLE_STRICT_OBJC_MSGSEND = YES;
				GCC_C_LANGUAGE_STANDARD = gnu11;
				GCC_NO_COMMON_BLOCKS = YES;
				GCC_WARN_64_TO_32_BIT_CONVERSION = YES;
				GCC_WARN_ABOUT_RETURN_TYPE = YES_ERROR;
				GCC_WARN_UNDECLARED_SELECTOR = YES;
				GCC_WARN_UNINITIALIZED_AUTOS = YES_AGGRESSIVE;
				GCC_WARN_UNUSED_FUNCTION = YES;
				GCC_WARN_UNUSED_VARIABLE = YES;
				IPHONEOS_DEPLOYMENT_TARGET = 13.2;
				MTL_ENABLE_DEBUG_INFO = NO;
				MTL_FAST_MATH = YES;
				SDKROOT = iphoneos;
				SWIFT_COMPILATION_MODE = wholemodule;
				SWIFT_OPTIMIZATION_LEVEL = "-O";
				VALIDATE_PRODUCT = YES;
			};
			name = Release;
		};
		CEF910B124C264A500A1F0CE /* Debug */ = {
			isa = XCBuildConfiguration;
			buildSettings = {
				ASSETCATALOG_COMPILER_APPICON_NAME = AppIcon;
				CODE_SIGN_STYLE = Automatic;
				DEVELOPMENT_ASSET_PATHS = "\"eWalle/Preview Content\"";
				DEVELOPMENT_TEAM = KA4Q5YU82S;
				ENABLE_PREVIEWS = YES;
				INFOPLIST_FILE = eWalle/Info.plist;
				LD_RUNPATH_SEARCH_PATHS = (
					"$(inherited)",
					"@executable_path/Frameworks",
				);
				PRODUCT_BUNDLE_IDENTIFIER = com.martins.eWalle;
				PRODUCT_NAME = "$(TARGET_NAME)";
				SWIFT_VERSION = 5.0;
				TARGETED_DEVICE_FAMILY = "1,2";
			};
			name = Debug;
		};
		CEF910B224C264A500A1F0CE /* Release */ = {
			isa = XCBuildConfiguration;
			buildSettings = {
				ASSETCATALOG_COMPILER_APPICON_NAME = AppIcon;
				CODE_SIGN_STYLE = Automatic;
				DEVELOPMENT_ASSET_PATHS = "\"eWalle/Preview Content\"";
				DEVELOPMENT_TEAM = KA4Q5YU82S;
				ENABLE_PREVIEWS = YES;
				INFOPLIST_FILE = eWalle/Info.plist;
				LD_RUNPATH_SEARCH_PATHS = (
					"$(inherited)",
					"@executable_path/Frameworks",
				);
				PRODUCT_BUNDLE_IDENTIFIER = com.martins.eWalle;
				PRODUCT_NAME = "$(TARGET_NAME)";
				SWIFT_VERSION = 5.0;
				TARGETED_DEVICE_FAMILY = "1,2";
			};
			name = Release;
		};
		CEF910B424C264A500A1F0CE /* Debug */ = {
			isa = XCBuildConfiguration;
			buildSettings = {
				ALWAYS_EMBED_SWIFT_STANDARD_LIBRARIES = YES;
				BUNDLE_LOADER = "$(TEST_HOST)";
				CODE_SIGN_STYLE = Automatic;
				DEVELOPMENT_TEAM = KA4Q5YU82S;
				INFOPLIST_FILE = eWalleTests/Info.plist;
				IPHONEOS_DEPLOYMENT_TARGET = 13.2;
				LD_RUNPATH_SEARCH_PATHS = (
					"$(inherited)",
					"@executable_path/Frameworks",
					"@loader_path/Frameworks",
				);
				PRODUCT_BUNDLE_IDENTIFIER = com.martins.eWalleTests;
				PRODUCT_NAME = "$(TARGET_NAME)";
				SWIFT_VERSION = 5.0;
				TARGETED_DEVICE_FAMILY = "1,2";
				TEST_HOST = "$(BUILT_PRODUCTS_DIR)/eWalle.app/eWalle";
			};
			name = Debug;
		};
		CEF910B524C264A500A1F0CE /* Release */ = {
			isa = XCBuildConfiguration;
			buildSettings = {
				ALWAYS_EMBED_SWIFT_STANDARD_LIBRARIES = YES;
				BUNDLE_LOADER = "$(TEST_HOST)";
				CODE_SIGN_STYLE = Automatic;
				DEVELOPMENT_TEAM = KA4Q5YU82S;
				INFOPLIST_FILE = eWalleTests/Info.plist;
				IPHONEOS_DEPLOYMENT_TARGET = 13.2;
				LD_RUNPATH_SEARCH_PATHS = (
					"$(inherited)",
					"@executable_path/Frameworks",
					"@loader_path/Frameworks",
				);
				PRODUCT_BUNDLE_IDENTIFIER = com.martins.eWalleTests;
				PRODUCT_NAME = "$(TARGET_NAME)";
				SWIFT_VERSION = 5.0;
				TARGETED_DEVICE_FAMILY = "1,2";
				TEST_HOST = "$(BUILT_PRODUCTS_DIR)/eWalle.app/eWalle";
			};
			name = Release;
		};
		CEF910B724C264A500A1F0CE /* Debug */ = {
			isa = XCBuildConfiguration;
			buildSettings = {
				ALWAYS_EMBED_SWIFT_STANDARD_LIBRARIES = YES;
				CODE_SIGN_STYLE = Automatic;
				DEVELOPMENT_TEAM = KA4Q5YU82S;
				INFOPLIST_FILE = eWalleUITests/Info.plist;
				LD_RUNPATH_SEARCH_PATHS = (
					"$(inherited)",
					"@executable_path/Frameworks",
					"@loader_path/Frameworks",
				);
				PRODUCT_BUNDLE_IDENTIFIER = com.martins.eWalleUITests;
				PRODUCT_NAME = "$(TARGET_NAME)";
				SWIFT_VERSION = 5.0;
				TARGETED_DEVICE_FAMILY = "1,2";
				TEST_TARGET_NAME = eWalle;
			};
			name = Debug;
		};
		CEF910B824C264A500A1F0CE /* Release */ = {
			isa = XCBuildConfiguration;
			buildSettings = {
				ALWAYS_EMBED_SWIFT_STANDARD_LIBRARIES = YES;
				CODE_SIGN_STYLE = Automatic;
				DEVELOPMENT_TEAM = KA4Q5YU82S;
				INFOPLIST_FILE = eWalleUITests/Info.plist;
				LD_RUNPATH_SEARCH_PATHS = (
					"$(inherited)",
					"@executable_path/Frameworks",
					"@loader_path/Frameworks",
				);
				PRODUCT_BUNDLE_IDENTIFIER = com.martins.eWalleUITests;
				PRODUCT_NAME = "$(TARGET_NAME)";
				SWIFT_VERSION = 5.0;
				TARGETED_DEVICE_FAMILY = "1,2";
				TEST_TARGET_NAME = eWalle;
			};
			name = Release;
		};
/* End XCBuildConfiguration section */

/* Begin XCConfigurationList section */
		CEF9108124C264A000A1F0CE /* Build configuration list for PBXProject "eWalle" */ = {
			isa = XCConfigurationList;
			buildConfigurations = (
				CEF910AE24C264A500A1F0CE /* Debug */,
				CEF910AF24C264A500A1F0CE /* Release */,
			);
			defaultConfigurationIsVisible = 0;
			defaultConfigurationName = Release;
		};
		CEF910B024C264A500A1F0CE /* Build configuration list for PBXNativeTarget "eWalle" */ = {
			isa = XCConfigurationList;
			buildConfigurations = (
				CEF910B124C264A500A1F0CE /* Debug */,
				CEF910B224C264A500A1F0CE /* Release */,
			);
			defaultConfigurationIsVisible = 0;
			defaultConfigurationName = Release;
		};
		CEF910B324C264A500A1F0CE /* Build configuration list for PBXNativeTarget "eWalleTests" */ = {
			isa = XCConfigurationList;
			buildConfigurations = (
				CEF910B424C264A500A1F0CE /* Debug */,
				CEF910B524C264A500A1F0CE /* Release */,
			);
			defaultConfigurationIsVisible = 0;
			defaultConfigurationName = Release;
		};
		CEF910B624C264A500A1F0CE /* Build configuration list for PBXNativeTarget "eWalleUITests" */ = {
			isa = XCConfigurationList;
			buildConfigurations = (
				CEF910B724C264A500A1F0CE /* Debug */,
				CEF910B824C264A500A1F0CE /* Release */,
			);
			defaultConfigurationIsVisible = 0;
			defaultConfigurationName = Release;
		};
/* End XCConfigurationList section */

/* Begin XCRemoteSwiftPackageReference section */
		CEF910E024C43CE200A1F0CE /* XCRemoteSwiftPackageReference "swiftui-grid" */ = {
			isa = XCRemoteSwiftPackageReference;
			repositoryURL = "https://github.com/spacenation/swiftui-grid.git";
			requirement = {
				kind = upToNextMajorVersion;
				minimumVersion = 1.0.4;
			};
		};
/* End XCRemoteSwiftPackageReference section */

/* Begin XCSwiftPackageProductDependency section */
		CEF910E124C43CE200A1F0CE /* Grid */ = {
			isa = XCSwiftPackageProductDependency;
			package = CEF910E024C43CE200A1F0CE /* XCRemoteSwiftPackageReference "swiftui-grid" */;
			productName = Grid;
		};
/* End XCSwiftPackageProductDependency section */
	};
	rootObject = CEF9107E24C264A000A1F0CE /* Project object */;
}
